
Microsoft Visual Studio Solution File, Format Version 12.00
# Visual Studio Version 16
VisualStudioVersion = 16.0.29806.167
MinimumVisualStudioVersion = 10.0.40219.1
Project("{FAE04EC0-301F-11D3-BF4B-00C04F79EFBC}") = "Vehicle.Logic", "Vehicle.Logic\Vehicle.Logic.csproj", "{14DA5456-E5A7-4A6B-926A-E0C165669474}"
EndProject
Project("{FAE04EC0-301F-11D3-BF4B-00C04F79EFBC}") = "VehicleGUI", "VehicleGUI\VehicleGUI.csproj", "{F4BDCB5E-76CD-426C-94B7-C8627D40BB0E}"
EndProject
Global
	GlobalSection(SolutionConfigurationPlatforms) = preSolution
		Debug|Any CPU = Debug|Any CPU
		Release|Any CPU = Release|Any CPU
	EndGlobalSection
	GlobalSection(ProjectConfigurationPlatforms) = postSolution
		{14DA5456-E5A7-4A6B-926A-E0C165669474}.Debug|Any CPU.ActiveCfg = Debug|Any CPU
		{14DA5456-E5A7-4A6B-926A-E0C165669474}.Debug|Any CPU.Build.0 = Debug|Any CPU
		{14DA5456-E5A7-4A6B-926A-E0C165669474}.Release|Any CPU.ActiveCfg = Release|Any CPU
		{14DA5456-E5A7-4A6B-926A-E0C165669474}.Release|Any CPU.Build.0 = Release|Any CPU
		{F4BDCB5E-76CD-426C-94B7-C8627D40BB0E}.Debug|Any CPU.ActiveCfg = Debug|Any CPU
		{F4BDCB5E-76CD-426C-94B7-C8627D40BB0E}.Debug|Any CPU.Build.0 = Debug|Any CPU
		{F4BDCB5E-76CD-426C-94B7-C8627D40BB0E}.Release|Any CPU.ActiveCfg = Release|Any CPU
		{F4BDCB5E-76CD-426C-94B7-C8627D40BB0E}.Release|Any CPU.Build.0 = Release|Any CPU
	EndGlobalSection
	GlobalSection(SolutionProperties) = preSolution
		HideSolutionNode = FALSE
	EndGlobalSection
	GlobalSection(ExtensibilityGlobals) = postSolution
		SolutionGuid = {87806730-888E-45E2-8EF9-456F65199DEF}
	EndGlobalSection
EndGlobal
